
Microsoft Visual Studio Solution File, Format Version 12.00
# Visual Studio Version 17
VisualStudioVersion = 17.13.35931.197
MinimumVisualStudioVersion = 10.0.40219.1
Project("{FAE04EC0-301F-11D3-BF4B-00C04F79EFBC}") = "ColeccionesBiblioteca", "ColeccionesBiblioteca\ColeccionesBiblioteca.csproj", "{B7D587C1-22F6-42D9-8364-334379A74DF5}"
EndProject
Project("{FAE04EC0-301F-11D3-BF4B-00C04F79EFBC}") = "trenDeCarga", "..\trenDeCarga\trenDeCarga\trenDeCarga.csproj", "{75EBA3AD-3592-FD04-7CD3-CD3D742D13BB}"
EndProject
Global
	GlobalSection(SolutionConfigurationPlatforms) = preSolution
		Debug|Any CPU = Debug|Any CPU
		Release|Any CPU = Release|Any CPU
	EndGlobalSection
	GlobalSection(ProjectConfigurationPlatforms) = postSolution
		{B7D587C1-22F6-42D9-8364-334379A74DF5}.Debug|Any CPU.ActiveCfg = Debug|Any CPU
		{B7D587C1-22F6-42D9-8364-334379A74DF5}.Debug|Any CPU.Build.0 = Debug|Any CPU
		{B7D587C1-22F6-42D9-8364-334379A74DF5}.Release|Any CPU.ActiveCfg = Release|Any CPU
		{B7D587C1-22F6-42D9-8364-334379A74DF5}.Release|Any CPU.Build.0 = Release|Any CPU
		{75EBA3AD-3592-FD04-7CD3-CD3D742D13BB}.Debug|Any CPU.ActiveCfg = Debug|Any CPU
		{75EBA3AD-3592-FD04-7CD3-CD3D742D13BB}.Debug|Any CPU.Build.0 = Debug|Any CPU
		{75EBA3AD-3592-FD04-7CD3-CD3D742D13BB}.Release|Any CPU.ActiveCfg = Release|Any CPU
		{75EBA3AD-3592-FD04-7CD3-CD3D742D13BB}.Release|Any CPU.Build.0 = Release|Any CPU
	EndGlobalSection
	GlobalSection(SolutionProperties) = preSolution
		HideSolutionNode = FALSE
	EndGlobalSection
	GlobalSection(ExtensibilityGlobals) = postSolution
		SolutionGuid = {23DC2343-3709-4C6C-9642-6C0C829377F4}
	EndGlobalSection
EndGlobal
